# This file was autogenerated by Stack.
# You should not edit this file by hand.
# For more information, please see the documentation at:
#   https://docs.haskellstack.org/en/stable/lock_files

packages: []
snapshots:
- completed:
    sha256: 8cf0695c568d7135f24b248c328bc80c32601b0c3a469aa5151196580781d84e
    size: 604751
    url: https://raw.githubusercontent.com/commercialhaskell/stackage-snapshots/master/nightly/2023/4/14.yaml
  original: nightly-2023-04-14
